{
    "_meta": {
        "hash": {
            "sha256": "e1d87b1812d59bd07ea0675778983700669f89e1a514f3dab087865269541680"
        },
        "pipfile-spec": 6,
        "requires": {
            "python_version": "3.7"
        },
        "sources": [
            {
                "name": "pypi",
                "url": "https://pypi.org/simple",
                "verify_ssl": true
            }
        ]
    },
    "default": {
        "httplib2": {
            "hashes": [
                "sha256:1d1f4ad7a6e55d325830ab274190f98894e069850a871fac19921caf4363259d",
                "sha256:a5f914f18f99cb9541660454a159e3b3c63241fc3ab60005bb88d97cc7a4fb58"
            ],
            "version": "==0.15.0"
        },
        "oauth2": {
            "hashes": [
                "sha256:15b5c42301f46dd63113f1214b0d81a8b16254f65a86d3c32a1b52297f3266e6",
                "sha256:c006a85e7c60107c7cc6da1b184b5c719f6dd7202098196dfa6e55df669b59bf"
            ],
            "index": "pypi",
            "version": "==1.9.0.post1"
        }
    },
    "develop": {}
}
